
Microsoft Visual Studio Solution File, Format Version 12.00
# Visual Studio 15
VisualStudioVersion = 15.0.27004.2009
MinimumVisualStudioVersion = 10.0.40219.1
Project("{FAE04EC0-301F-11D3-BF4B-00C04F79EFBC}") = "AibgJebach", "AibgJebach\AibgJebach.csproj", "{B8E14101-6BA4-44C6-A7C2-67263EE1C628}"
EndProject
Global
	GlobalSection(SolutionConfigurationPlatforms) = preSolution
		Debug|Any CPU = Debug|Any CPU
		Release|Any CPU = Release|Any CPU
	EndGlobalSection
	GlobalSection(ProjectConfigurationPlatforms) = postSolution
		{B8E14101-6BA4-44C6-A7C2-67263EE1C628}.Debug|Any CPU.ActiveCfg = Debug|Any CPU
		{B8E14101-6BA4-44C6-A7C2-67263EE1C628}.Debug|Any CPU.Build.0 = Debug|Any CPU
		{B8E14101-6BA4-44C6-A7C2-67263EE1C628}.Release|Any CPU.ActiveCfg = Release|Any CPU
		{B8E14101-6BA4-44C6-A7C2-67263EE1C628}.Release|Any CPU.Build.0 = Release|Any CPU
	EndGlobalSection
	GlobalSection(SolutionProperties) = preSolution
		HideSolutionNode = FALSE
	EndGlobalSection
	GlobalSection(ExtensibilityGlobals) = postSolution
		SolutionGuid = {A8EC2C1D-112D-4DCB-BC4E-07831D3E9C6B}
	EndGlobalSection
EndGlobal
